
Microsoft Visual Studio Solution File, Format Version 12.00
# Visual Studio Version 16
VisualStudioVersion = 16.0.30611.23
MinimumVisualStudioVersion = 10.0.40219.1
Project("{9A19103F-16F7-4668-BE54-9A1E7A4F7556}") = "PokeApiCore", "PokeApiCore\PokeApiCore.csproj", "{44671E05-96AE-4F0E-B1E6-3CCC3AC53F42}"
EndProject
Project("{9A19103F-16F7-4668-BE54-9A1E7A4F7556}") = "PokeApiConsole", "PokeApiConsole\PokeApiConsole.csproj", "{EF2AF7E0-EDEB-4D76-8D44-2ED5FDED43A6}"
EndProject
Project("{FAE04EC0-301F-11D3-BF4B-00C04F79EFBC}") = "PokeAPIWebsite", "PokeAPIWebsite\PokeAPIWebsite.csproj", "{DF5D07DB-C2CB-43F2-871A-E0D6566B928A}"
EndProject
Global
	GlobalSection(SolutionConfigurationPlatforms) = preSolution
		Debug|Any CPU = Debug|Any CPU
		Release|Any CPU = Release|Any CPU
	EndGlobalSection
	GlobalSection(ProjectConfigurationPlatforms) = postSolution
		{44671E05-96AE-4F0E-B1E6-3CCC3AC53F42}.Debug|Any CPU.ActiveCfg = Debug|Any CPU
		{44671E05-96AE-4F0E-B1E6-3CCC3AC53F42}.Debug|Any CPU.Build.0 = Debug|Any CPU
		{44671E05-96AE-4F0E-B1E6-3CCC3AC53F42}.Release|Any CPU.ActiveCfg = Release|Any CPU
		{44671E05-96AE-4F0E-B1E6-3CCC3AC53F42}.Release|Any CPU.Build.0 = Release|Any CPU
		{EF2AF7E0-EDEB-4D76-8D44-2ED5FDED43A6}.Debug|Any CPU.ActiveCfg = Debug|Any CPU
		{EF2AF7E0-EDEB-4D76-8D44-2ED5FDED43A6}.Debug|Any CPU.Build.0 = Debug|Any CPU
		{EF2AF7E0-EDEB-4D76-8D44-2ED5FDED43A6}.Release|Any CPU.ActiveCfg = Release|Any CPU
		{EF2AF7E0-EDEB-4D76-8D44-2ED5FDED43A6}.Release|Any CPU.Build.0 = Release|Any CPU
		{DF5D07DB-C2CB-43F2-871A-E0D6566B928A}.Debug|Any CPU.ActiveCfg = Debug|Any CPU
		{DF5D07DB-C2CB-43F2-871A-E0D6566B928A}.Debug|Any CPU.Build.0 = Debug|Any CPU
		{DF5D07DB-C2CB-43F2-871A-E0D6566B928A}.Release|Any CPU.ActiveCfg = Release|Any CPU
		{DF5D07DB-C2CB-43F2-871A-E0D6566B928A}.Release|Any CPU.Build.0 = Release|Any CPU
	EndGlobalSection
	GlobalSection(SolutionProperties) = preSolution
		HideSolutionNode = FALSE
	EndGlobalSection
	GlobalSection(ExtensibilityGlobals) = postSolution
		SolutionGuid = {40FD2679-1648-4E98-8594-CAFD2BFC34B3}
	EndGlobalSection
EndGlobal
